
Microsoft Visual Studio Solution File, Format Version 12.00
# Visual Studio 15
Project("{FAE04EC0-301F-11D3-BF4B-00C04F79EFBC}") = "BorderView.Android", "BorderView.Android\BorderView.Android.csproj", "{1606B085-7A46-48F3-9D84-B2253F0FDC11}"
EndProject
Project("{FAE04EC0-301F-11D3-BF4B-00C04F79EFBC}") = "BorderView.iOS", "BorderView.iOS\BorderView.iOS.csproj", "{7FD034A8-CEEA-4F73-82EE-16C793CDC012}"
EndProject
Project("{FAE04EC0-301F-11D3-BF4B-00C04F79EFBC}") = "BorderView", "BorderView\BorderView.csproj", "{04141DA0-C2BD-4649-92CC-6B1CFA58284B}"
EndProject
Global
	GlobalSection(SolutionConfigurationPlatforms) = preSolution
		Debug|Any CPU = Debug|Any CPU
		Release|Any CPU = Release|Any CPU
		Debug|iPhoneSimulator = Debug|iPhoneSimulator
		Release|iPhoneSimulator = Release|iPhoneSimulator
		Debug|iPhone = Debug|iPhone
		Release|iPhone = Release|iPhone
	EndGlobalSection
	GlobalSection(ProjectConfigurationPlatforms) = postSolution
		{1606B085-7A46-48F3-9D84-B2253F0FDC11}.Debug|Any CPU.ActiveCfg = Debug|Any CPU
		{1606B085-7A46-48F3-9D84-B2253F0FDC11}.Debug|Any CPU.Build.0 = Debug|Any CPU
		{1606B085-7A46-48F3-9D84-B2253F0FDC11}.Release|Any CPU.ActiveCfg = Release|Any CPU
		{1606B085-7A46-48F3-9D84-B2253F0FDC11}.Release|Any CPU.Build.0 = Release|Any CPU
		{1606B085-7A46-48F3-9D84-B2253F0FDC11}.Debug|iPhoneSimulator.ActiveCfg = Debug|Any CPU
		{1606B085-7A46-48F3-9D84-B2253F0FDC11}.Debug|iPhoneSimulator.Build.0 = Debug|Any CPU
		{1606B085-7A46-48F3-9D84-B2253F0FDC11}.Release|iPhoneSimulator.ActiveCfg = Release|Any CPU
		{1606B085-7A46-48F3-9D84-B2253F0FDC11}.Release|iPhoneSimulator.Build.0 = Release|Any CPU
		{1606B085-7A46-48F3-9D84-B2253F0FDC11}.Debug|iPhone.ActiveCfg = Debug|Any CPU
		{1606B085-7A46-48F3-9D84-B2253F0FDC11}.Debug|iPhone.Build.0 = Debug|Any CPU
		{1606B085-7A46-48F3-9D84-B2253F0FDC11}.Release|iPhone.ActiveCfg = Release|Any CPU
		{1606B085-7A46-48F3-9D84-B2253F0FDC11}.Release|iPhone.Build.0 = Release|Any CPU
		{7FD034A8-CEEA-4F73-82EE-16C793CDC012}.Debug|Any CPU.ActiveCfg = Debug|iPhoneSimulator
		{7FD034A8-CEEA-4F73-82EE-16C793CDC012}.Debug|Any CPU.Build.0 = Debug|iPhoneSimulator
		{7FD034A8-CEEA-4F73-82EE-16C793CDC012}.Release|Any CPU.ActiveCfg = Release|iPhoneSimulator
		{7FD034A8-CEEA-4F73-82EE-16C793CDC012}.Release|Any CPU.Build.0 = Release|iPhoneSimulator
		{7FD034A8-CEEA-4F73-82EE-16C793CDC012}.Debug|iPhoneSimulator.ActiveCfg = Debug|iPhoneSimulator
		{7FD034A8-CEEA-4F73-82EE-16C793CDC012}.Debug|iPhoneSimulator.Build.0 = Debug|iPhoneSimulator
		{7FD034A8-CEEA-4F73-82EE-16C793CDC012}.Release|iPhoneSimulator.ActiveCfg = Release|iPhoneSimulator
		{7FD034A8-CEEA-4F73-82EE-16C793CDC012}.Release|iPhoneSimulator.Build.0 = Release|iPhoneSimulator
		{7FD034A8-CEEA-4F73-82EE-16C793CDC012}.Debug|iPhone.ActiveCfg = Debug|iPhone
		{7FD034A8-CEEA-4F73-82EE-16C793CDC012}.Debug|iPhone.Build.0 = Debug|iPhone
		{7FD034A8-CEEA-4F73-82EE-16C793CDC012}.Release|iPhone.ActiveCfg = Release|iPhone
		{7FD034A8-CEEA-4F73-82EE-16C793CDC012}.Release|iPhone.Build.0 = Release|iPhone
		{04141DA0-C2BD-4649-92CC-6B1CFA58284B}.Debug|Any CPU.ActiveCfg = Debug|Any CPU
		{04141DA0-C2BD-4649-92CC-6B1CFA58284B}.Debug|Any CPU.Build.0 = Debug|Any CPU
		{04141DA0-C2BD-4649-92CC-6B1CFA58284B}.Release|Any CPU.ActiveCfg = Release|Any CPU
		{04141DA0-C2BD-4649-92CC-6B1CFA58284B}.Release|Any CPU.Build.0 = Release|Any CPU
		{04141DA0-C2BD-4649-92CC-6B1CFA58284B}.Debug|iPhoneSimulator.ActiveCfg = Debug|Any CPU
		{04141DA0-C2BD-4649-92CC-6B1CFA58284B}.Debug|iPhoneSimulator.Build.0 = Debug|Any CPU
		{04141DA0-C2BD-4649-92CC-6B1CFA58284B}.Release|iPhoneSimulator.ActiveCfg = Release|Any CPU
		{04141DA0-C2BD-4649-92CC-6B1CFA58284B}.Release|iPhoneSimulator.Build.0 = Release|Any CPU
		{04141DA0-C2BD-4649-92CC-6B1CFA58284B}.Debug|iPhone.ActiveCfg = Debug|Any CPU
		{04141DA0-C2BD-4649-92CC-6B1CFA58284B}.Debug|iPhone.Build.0 = Debug|Any CPU
		{04141DA0-C2BD-4649-92CC-6B1CFA58284B}.Release|iPhone.ActiveCfg = Release|Any CPU
		{04141DA0-C2BD-4649-92CC-6B1CFA58284B}.Release|iPhone.Build.0 = Release|Any CPU
	EndGlobalSection
EndGlobal
